// !$*UTF8*$!
{
	archiveVersion = 1;
	classes = {
	};
	objectVersion = 46;
	objects = {

/* Begin PBXBuildFile section */
		DC4BEAFB1EA0A47400F6D61A /* AppDelegate.swift in Sources */ = {isa = PBXBuildFile; fileRef = DC4BEAFA1EA0A47400F6D61A /* AppDelegate.swift */; };
		DC4BEAFD1EA0A47400F6D61A /* ViewController.swift in Sources */ = {isa = PBXBuildFile; fileRef = DC4BEAFC1EA0A47400F6D61A /* ViewController.swift */; };
		DC4BEB001EA0A47400F6D61A /* Main.storyboard in Resources */ = {isa = PBXBuildFile; fileRef = DC4BEAFE1EA0A47400F6D61A /* Main.storyboard */; };
		DC4BEB021EA0A47400F6D61A /* Assets.xcassets in Resources */ = {isa = PBXBuildFile; fileRef = DC4BEB011EA0A47400F6D61A /* Assets.xcassets */; };
		DC4BEB051EA0A47400F6D61A /* LaunchScreen.storyboard in Resources */ = {isa = PBXBuildFile; fileRef = DC4BEB031EA0A47400F6D61A /* LaunchScreen.storyboard */; };
/* End PBXBuildFile section */

/* Begin PBXFileReference section */
		DC4BEAF71EA0A47300F6D61A /* STPageViewDemo.app */ = {isa = PBXFileReference; explicitFileType = wrapper.application; includeInIndex = 0; path = STPageViewDemo.app; sourceTree = BUILT_PRODUCTS_DIR; };
		DC4BEAFA1EA0A47400F6D61A /* AppDelegate.swift */ = {isa = PBXFileReference; lastKnownFileType = sourcecode.swift; path = AppDelegate.swift; sourceTree = "<group>"; };
		DC4BEAFC1EA0A47400F6D61A /* ViewController.swift */ = {isa = PBXFileReference; lastKnownFileType = sourcecode.swift; path = ViewController.swift; sourceTree = "<group>"; };
		DC4BEB011EA0A47400F6D61A /* Assets.xcassets */ = {isa = PBXFileReference; lastKnownFileType = folder.assetcatalog; path = Assets.xcassets; sourceTree = "<group>"; };
		DC4BEB061EA0A47400F6D61A /* Info.plist */ = {isa = PBXFileReference; lastKnownFileType = text.plist.xml; path = Info.plist; sourceTree = "<group>"; };
		DC4BEB0F1EA0A52400F6D61A /* zh-Hans */ = {isa = PBXFileReference; lastKnownFileType = file.storyboard; name = "zh-Hans"; path = "zh-Hans.lproj/Main.storyboard"; sourceTree = "<group>"; };
		DC4BEB101EA0A52C00F6D61A /* zh-Hans */ = {isa = PBXFileReference; lastKnownFileType = file.storyboard; name = "zh-Hans"; path = "zh-Hans.lproj/LaunchScreen.storyboard"; sourceTree = "<group>"; };
/* End PBXFileReference section */

/* Begin PBXFrameworksBuildPhase section */
		DC4BEAF41EA0A47300F6D61A /* Frameworks */ = {
			isa = PBXFrameworksBuildPhase;
			buildActionMask = 2147483647;
			files = (
			);
			runOnlyForDeploymentPostprocessing = 0;
		};
/* End PBXFrameworksBuildPhase section */

/* Begin PBXGroup section */
		DC4BEAEE1EA0A47300F6D61A = {
			isa = PBXGroup;
			children = (
				DC4BEAF91EA0A47400F6D61A /* STPageViewDemo */,
				DC4BEAF81EA0A47300F6D61A /* Products */,
			);
			sourceTree = "<group>";
		};
		DC4BEAF81EA0A47300F6D61A /* Products */ = {
			isa = PBXGroup;
			children = (
				DC4BEAF71EA0A47300F6D61A /* STPageViewDemo.app */,
			);
			name = Products;
			sourceTree = "<group>";
		};
		DC4BEAF91EA0A47400F6D61A /* STPageViewDemo */ = {
			isa = PBXGroup;
			children = (
				DC4BEAFA1EA0A47400F6D61A /* AppDelegate.swift */,
				DC4BEAFC1EA0A47400F6D61A /* ViewController.swift */,
				DC4BEAFE1EA0A47400F6D61A /* Main.storyboard */,
				DC4BEB0C1EA0A4A200F6D61A /* Supporting Files */,
			);
			path = STPageViewDemo;
			sourceTree = "<group>";
		};
		DC4BEB0C1EA0A4A200F6D61A /* Supporting Files */ = {
			isa = PBXGroup;
			children = (
				DC4BEB011EA0A47400F6D61A /* Assets.xcassets */,
				DC4BEB031EA0A47400F6D61A /* LaunchScreen.storyboard */,
				DC4BEB061EA0A47400F6D61A /* Info.plist */,
			);
			name = "Supporting Files";
			sourceTree = "<group>";
		};
/* End PBXGroup section */

/* Begin PBXNativeTarget section */
		DC4BEAF61EA0A47300F6D61A /* STPageViewDemo */ = {
			isa = PBXNativeTarget;
			buildConfigurationList = DC4BEB091EA0A47400F6D61A /* Build configuration list for PBXNativeTarget "STPageViewDemo" */;
			buildPhases = (
				DC4BEAF31EA0A47300F6D61A /* Sources */,
				DC4BEAF41EA0A47300F6D61A /* Frameworks */,
				DC4BEAF51EA0A47300F6D61A /* Resources */,
			);
			buildRules = (
			);
			dependencies = (
			);
			name = STPageViewDemo;
			productName = STPageViewDemo;
			productReference = DC4BEAF71EA0A47300F6D61A /* STPageViewDemo.app */;
			productType = "com.apple.product-type.application";
		};
/* End PBXNativeTarget section */

/* Begin PBXProject section */
		DC4BEAEF1EA0A47300F6D61A /* Project object */ = {
			isa = PBXProject;
			attributes = {
				LastSwiftUpdateCheck = 0830;
				LastUpgradeCheck = 0830;
				ORGANIZATIONNAME = Suta;
				TargetAttributes = {
					DC4BEAF61EA0A47300F6D61A = {
						CreatedOnToolsVersion = 8.3.1;
						DevelopmentTeam = PP25SV745R;
						ProvisioningStyle = Automatic;
					};
				};
			};
			buildConfigurationList = DC4BEAF21EA0A47300F6D61A /* Build configuration list for PBXProject "STPageViewDemo" */;
			compatibilityVersion = "Xcode 3.2";
			developmentRegion = English;
			hasScannedForEncodings = 0;
			knownRegions = (
				Base,
			);
			mainGroup = DC4BEAEE1EA0A47300F6D61A;
			productRefGroup = DC4BEAF81EA0A47300F6D61A /* Products */;
			projectDirPath = "";
			projectRoot = "";
			targets = (
				DC4BEAF61EA0A47300F6D61A /* STPageViewDemo */,
			);
		};
/* End PBXProject section */

/* Begin PBXResourcesBuildPhase section */
		DC4BEAF51EA0A47300F6D61A /* Resources */ = {
			isa = PBXResourcesBuildPhase;
			buildActionMask = 2147483647;
			files = (
				DC4BEB051EA0A47400F6D61A /* LaunchScreen.storyboard in Resources */,
				DC4BEB021EA0A47400F6D61A /* Assets.xcassets in Resources */,
				DC4BEB001EA0A47400F6D61A /* Main.storyboard in Resources */,
			);
			runOnlyForDeploymentPostprocessing = 0;
		};
/* End PBXResourcesBuildPhase section */

/* Begin PBXSourcesBuildPhase section */
		DC4BEAF31EA0A47300F6D61A /* Sources */ = {
			isa = PBXSourcesBuildPhase;
			buildActionMask = 2147483647;
			files = (
				DC4BEAFD1EA0A47400F6D61A /* ViewController.swift in Sources */,
				DC4BEAFB1EA0A47400F6D61A /* AppDelegate.swift in Sources */,
			);
			runOnlyForDeploymentPostprocessing = 0;
		};
/* End PBXSourcesBuildPhase section */

/* Begin PBXVariantGroup section */
		DC4BEAFE1EA0A47400F6D61A /* Main.storyboard */ = {
			isa = PBXVariantGroup;
			children = (
				DC4BEB0F1EA0A52400F6D61A /* zh-Hans */,
			);
			name = Main.storyboard;
			sourceTree = "<group>";
		};
		DC4BEB031EA0A47400F6D61A /* LaunchScreen.storyboard */ = {
			isa = PBXVariantGroup;
			children = (
				DC4BEB101EA0A52C00F6D61A /* zh-Hans */,
			);
			name = LaunchScreen.storyboard;
			sourceTree = "<group>";
		};
/* End PBXVariantGroup section */

/* Begin XCBuildConfiguration section */
		DC4BEB071EA0A47400F6D61A /* Debug */ = {
			isa = XCBuildConfiguration;
			buildSettings = {
				ALWAYS_SEARCH_USER_PATHS = NO;
				CLANG_ANALYZER_LOCALIZABILITY_NONLOCALIZED = YES;
				CLANG_ANALYZER_NONNULL = YES;
				CLANG_ANALYZER_NUMBER_OBJECT_CONVERSION = YES_AGGRESSIVE;
				CLANG_CXX_LANGUAGE_STANDARD = "gnu++0x";
				CLANG_CXX_LIBRARY = "libc++";
				CLANG_ENABLE_MODULES = YES;
				CLANG_ENABLE_OBJC_ARC = YES;
				CLANG_WARN_BOOL_CONVERSION = YES;
				CLANG_WARN_CONSTANT_CONVERSION = YES;
				CLANG_WARN_DIRECT_OBJC_ISA_USAGE = YES_ERROR;
				CLANG_WARN_DOCUMENTATION_COMMENTS = YES;
				CLANG_WARN_EMPTY_BODY = YES;
				CLANG_WARN_ENUM_CONVERSION = YES;
				CLANG_WARN_INFINITE_RECURSION = YES;
				CLANG_WARN_INT_CONVERSION = YES;
				CLANG_WARN_OBJC_ROOT_CLASS = YES_ERROR;
				CLANG_WARN_SUSPICIOUS_MOVE = YES;
				CLANG_WARN_UNREACHABLE_CODE = YES;
				CLANG_WARN__DUPLICATE_METHOD_MATCH = YES;
				"CODE_SIGN_IDENTITY[sdk=iphoneos*]" = "iPhone Developer";
				COPY_PHASE_STRIP = NO;
				DEBUG_INFORMATION_FORMAT = dwarf;
				ENABLE_STRICT_OBJC_MSGSEND = YES;
				ENABLE_TESTABILITY = YES;
				GCC_C_LANGUAGE_STANDARD = gnu99;
				GCC_DYNAMIC_NO_PIC = NO;
				GCC_NO_COMMON_BLOCKS = YES;
				GCC_OPTIMIZATION_LEVEL = 0;
				GCC_PREPROCESSOR_DEFINITIONS = (
					"DEBUG=1",
					"$(inherited)",
				);
				GCC_WARN_64_TO_32_BIT_CONVERSION = YES;
				GCC_WARN_ABOUT_RETURN_TYPE = YES_ERROR;
				GCC_WARN_UNDECLARED_SELECTOR = YES;
				GCC_WARN_UNINITIALIZED_AUTOS = YES_AGGRESSIVE;
				GCC_WARN_UNUSED_FUNCTION = YES;
				GCC_WARN_UNUSED_VARIABLE = YES;
				IPHONEOS_DEPLOYMENT_TARGET = 8.0;
				MTL_ENABLE_DEBUG_INFO = YES;
				ONLY_ACTIVE_ARCH = YES;
				SDKROOT = iphoneos;
				SWIFT_ACTIVE_COMPILATION_CONDITIONS = DEBUG;
				SWIFT_OPTIMIZATION_LEVEL = "-Onone";
				TARGETED_DEVICE_FAMILY = "1,2";
			};
			name = Debug;
		};
		DC4BEB081EA0A47400F6D61A /* Release */ = {
			isa = XCBuildConfiguration;
			buildSettings = {
				ALWAYS_SEARCH_USER_PATHS = NO;
				CLANG_ANALYZER_LOCALIZABILITY_NONLOCALIZED = YES;
				CLANG_ANALYZER_NONNULL = YES;
				CLANG_ANALYZER_NUMBER_OBJECT_CONVERSION = YES_AGGRESSIVE;
				CLANG_CXX_LANGUAGE_STANDARD = "gnu++0x";
				CLANG_CXX_LIBRARY = "libc++";
				CLANG_ENABLE_MODULES = YES;
				CLANG_ENABLE_OBJC_ARC = YES;
				CLANG_WARN_BOOL_CONVERSION = YES;
				CLANG_WARN_CONSTANT_CONVERSION = YES;
				CLANG_WARN_DIRECT_OBJC_ISA_USAGE = YES_ERROR;
				CLANG_WARN_DOCUMENTATION_COMMENTS = YES;
				CLANG_WARN_EMPTY_BODY = YES;
				CLANG_WARN_ENUM_CONVERSION = YES;
				CLANG_WARN_INFINITE_RECURSION = YES;
				CLANG_WARN_INT_CONVERSION = YES;
				CLANG_WARN_OBJC_ROOT_CLASS = YES_ERROR;
				CLANG_WARN_SUSPICIOUS_MOVE = YES;
				CLANG_WARN_UNREACHABLE_CODE = YES;
				CLANG_WARN__DUPLICATE_METHOD_MATCH = YES;
				"CODE_SIGN_IDENTITY[sdk=iphoneos*]" = "iPhone Developer";
				COPY_PHASE_STRIP = NO;
				DEBUG_INFORMATION_FORMAT = "dwarf-with-dsym";
				ENABLE_NS_ASSERTIONS = NO;
				ENABLE_STRICT_OBJC_MSGSEND = YES;
				GCC_C_LANGUAGE_STANDARD = gnu99;
				GCC_NO_COMMON_BLOCKS = YES;
				GCC_WARN_64_TO_32_BIT_CONVERSION = YES;
				GCC_WARN_ABOUT_RETURN_TYPE = YES_ERROR;
				GCC_WARN_UNDECLARED_SELECTOR = YES;
				GCC_WARN_UNINITIALIZED_AUTOS = YES_AGGRESSIVE;
				GCC_WARN_UNUSED_FUNCTION = YES;
				GCC_WARN_UNUSED_VARIABLE = YES;
				IPHONEOS_DEPLOYMENT_TARGET = 8.0;
				MTL_ENABLE_DEBUG_INFO = NO;
				SDKROOT = iphoneos;
				SWIFT_OPTIMIZATION_LEVEL = "-Owholemodule";
				TARGETED_DEVICE_FAMILY = "1,2";
				VALIDATE_PRODUCT = YES;
			};
			name = Release;
		};
		DC4BEB0A1EA0A47400F6D61A /* Debug */ = {
			isa = XCBuildConfiguration;
			buildSettings = {
				ASSETCATALOG_COMPILER_APPICON_NAME = AppIcon;
				DEVELOPMENT_TEAM = PP25SV745R;
				INFOPLIST_FILE = STPageViewDemo/Info.plist;
				IPHONEOS_DEPLOYMENT_TARGET = 8.0;
				LD_RUNPATH_SEARCH_PATHS = "$(inherited) @executable_path/Frameworks";
				PRODUCT_BUNDLE_IDENTIFIER = com.suta.STPageViewDemo;
				PRODUCT_NAME = "$(TARGET_NAME)";
				SWIFT_VERSION = 3.0;
			};
			name = Debug;
		};
		DC4BEB0B1EA0A47400F6D61A /* Release */ = {
			isa = XCBuildConfiguration;
			buildSettings = {
				ASSETCATALOG_COMPILER_APPICON_NAME = AppIcon;
				DEVELOPMENT_TEAM = PP25SV745R;
				INFOPLIST_FILE = STPageViewDemo/Info.plist;
				IPHONEOS_DEPLOYMENT_TARGET = 8.0;
				LD_RUNPATH_SEARCH_PATHS = "$(inherited) @executable_path/Frameworks";
				PRODUCT_BUNDLE_IDENTIFIER = com.suta.STPageViewDemo;
				PRODUCT_NAME = "$(TARGET_NAME)";
				SWIFT_VERSION = 3.0;
			};
			name = Release;
		};
/* End XCBuildConfiguration section */

/* Begin XCConfigurationList section */
		DC4BEAF21EA0A47300F6D61A /* Build configuration list for PBXProject "STPageViewDemo" */ = {
			isa = XCConfigurationList;
			buildConfigurations = (
				DC4BEB071EA0A47400F6D61A /* Debug */,
				DC4BEB081EA0A47400F6D61A /* Release */,
			);
			defaultConfigurationIsVisible = 0;
			defaultConfigurationName = Release;
		};
		DC4BEB091EA0A47400F6D61A /* Build configuration list for PBXNativeTarget "STPageViewDemo" */ = {
			isa = XCConfigurationList;
			buildConfigurations = (
				DC4BEB0A1EA0A47400F6D61A /* Debug */,
				DC4BEB0B1EA0A47400F6D61A /* Release */,
			);
			defaultConfigurationIsVisible = 0;
		};
/* End XCConfigurationList section */
	};
	rootObject = DC4BEAEF1EA0A47300F6D61A /* Project object */;
}
